
Microsoft Visual Studio Solution File, Format Version 12.00
Project("{FAE04EC0-301F-11D3-BF4B-00C04F79EFBC}") = "Shopping", "Shopping\Shopping.csproj", "{E0B12401-29A8-4911-B25B-496F909E43FB}"
EndProject
Global
	GlobalSection(SolutionConfigurationPlatforms) = preSolution
		Debug|Any CPU = Debug|Any CPU
		Release|Any CPU = Release|Any CPU
	EndGlobalSection
	GlobalSection(ProjectConfigurationPlatforms) = postSolution
		{E0B12401-29A8-4911-B25B-496F909E43FB}.Debug|Any CPU.ActiveCfg = Debug|Any CPU
		{E0B12401-29A8-4911-B25B-496F909E43FB}.Debug|Any CPU.Build.0 = Debug|Any CPU
		{E0B12401-29A8-4911-B25B-496F909E43FB}.Release|Any CPU.ActiveCfg = Release|Any CPU
		{E0B12401-29A8-4911-B25B-496F909E43FB}.Release|Any CPU.Build.0 = Release|Any CPU
	EndGlobalSection
EndGlobal
